
Microsoft Visual Studio Solution File, Format Version 12.00
# Visual Studio Version 17
VisualStudioVersion = 17.8.34511.84
MinimumVisualStudioVersion = 10.0.40219.1
Project("{00D1A9C2-B5F0-4AF3-8072-F6C62B433612}") = "chrona-db", "chrona-db.sqlproj", "{3C32B434-2E63-41CB-BD82-764377283164}"
EndProject
Global
	GlobalSection(SolutionConfigurationPlatforms) = preSolution
		Debug|Any CPU = Debug|Any CPU
		Release|Any CPU = Release|Any CPU
	EndGlobalSection
	GlobalSection(ProjectConfigurationPlatforms) = postSolution
		{3C32B434-2E63-41CB-BD82-764377283164}.Debug|Any CPU.ActiveCfg = Debug|Any CPU
		{3C32B434-2E63-41CB-BD82-764377283164}.Debug|Any CPU.Build.0 = Debug|Any CPU
		{3C32B434-2E63-41CB-BD82-764377283164}.Debug|Any CPU.Deploy.0 = Debug|Any CPU
		{3C32B434-2E63-41CB-BD82-764377283164}.Release|Any CPU.ActiveCfg = Release|Any CPU
		{3C32B434-2E63-41CB-BD82-764377283164}.Release|Any CPU.Build.0 = Release|Any CPU
		{3C32B434-2E63-41CB-BD82-764377283164}.Release|Any CPU.Deploy.0 = Release|Any CPU
	EndGlobalSection
	GlobalSection(SolutionProperties) = preSolution
		HideSolutionNode = FALSE
	EndGlobalSection
	GlobalSection(ExtensibilityGlobals) = postSolution
		SolutionGuid = {26C5952C-2314-447B-891A-6F482FE3C396}
	EndGlobalSection
EndGlobal
